
Microsoft Visual Studio Solution File, Format Version 12.00
# Visual Studio Version 17
VisualStudioVersion = 17.12.35527.113 d17.12
MinimumVisualStudioVersion = 10.0.40219.1
Project("{FAE04EC0-301F-11D3-BF4B-00C04F79EFBC}") = "SteamGifCropper", "SteamGifCropper.csproj", "{336D2573-022A-4DBB-A448-7370D4BDD9F8}"
EndProject
Project("{FAE04EC0-301F-11D3-BF4B-00C04F79EFBC}") = "SteamGifCropper.Tests", "SteamGifCropper.Tests\SteamGifCropper.Tests.csproj", "{31A9AC41-7CC0-480A-832C-0138EEE3D862}"
EndProject
Global
	GlobalSection(SolutionConfigurationPlatforms) = preSolution
		Debug|Any CPU = Debug|Any CPU
		Release|Any CPU = Release|Any CPU
	EndGlobalSection
	GlobalSection(ProjectConfigurationPlatforms) = postSolution
		{336D2573-022A-4DBB-A448-7370D4BDD9F8}.Debug|Any CPU.ActiveCfg = Debug|Any CPU
		{336D2573-022A-4DBB-A448-7370D4BDD9F8}.Debug|Any CPU.Build.0 = Debug|Any CPU
		{336D2573-022A-4DBB-A448-7370D4BDD9F8}.Release|Any CPU.ActiveCfg = Release|Any CPU
		{336D2573-022A-4DBB-A448-7370D4BDD9F8}.Release|Any CPU.Build.0 = Release|Any CPU
		{31A9AC41-7CC0-480A-832C-0138EEE3D862}.Debug|Any CPU.ActiveCfg = Debug|Any CPU
		{31A9AC41-7CC0-480A-832C-0138EEE3D862}.Debug|Any CPU.Build.0 = Debug|Any CPU
		{31A9AC41-7CC0-480A-832C-0138EEE3D862}.Release|Any CPU.ActiveCfg = Release|Any CPU
		{31A9AC41-7CC0-480A-832C-0138EEE3D862}.Release|Any CPU.Build.0 = Release|Any CPU
	EndGlobalSection
	GlobalSection(SolutionProperties) = preSolution
		HideSolutionNode = FALSE
	EndGlobalSection
EndGlobal
